
Microsoft Visual Studio Solution File, Format Version 12.00
# Visual Studio Version 17
VisualStudioVersion = 17.5.33502.453
MinimumVisualStudioVersion = 10.0.40219.1
Project("{8BC9CEB8-8B4A-11D0-8D11-00A0C91BC942}") = "zadatak-1", "zadatak-1\zadatak-1.vcxproj", "{AF86E456-FFED-4928-9F74-FDECE100E9DD}"
EndProject
Project("{8BC9CEB8-8B4A-11D0-8D11-00A0C91BC942}") = "zadatak-2", "zadatak-2\zadatak-2.vcxproj", "{264AB374-40C1-436A-82C9-6FCA68D0632F}"
EndProject
Project("{8BC9CEB8-8B4A-11D0-8D11-00A0C91BC942}") = "test", "test\test.vcxproj", "{E2699887-0191-4219-B4DF-DE798F871C9F}"
EndProject
Project("{8BC9CEB8-8B4A-11D0-8D11-00A0C91BC942}") = "zadatak-3", "zadatak-3\zadatak-3.vcxproj", "{7EB6BE0D-E2A9-415A-96AA-11C41207D71B}"
EndProject
Project("{8BC9CEB8-8B4A-11D0-8D11-00A0C91BC942}") = "zadatak-4", "zadatak-4\zadatak-4.vcxproj", "{D54A6F24-5FB4-47FE-B602-B85D0410212F}"
EndProject
Project("{8BC9CEB8-8B4A-11D0-8D11-00A0C91BC942}") = "zadatak-5", "zadatak-5\zadatak-5.vcxproj", "{24A6657A-FF1F-4287-A705-053629C615DE}"
EndProject
Project("{8BC9CEB8-8B4A-11D0-8D11-00A0C91BC942}") = "zadatak-6", "zadatak-6\zadatak-6.vcxproj", "{3AE89C49-9239-468D-8334-A1197352A1F4}"
EndProject
Project("{8BC9CEB8-8B4A-11D0-8D11-00A0C91BC942}") = "zadatak-7", "zadatak-7\zadatak-7.vcxproj", "{1CF4F11F-026D-46C7-A6EB-4B2074CA4C4A}"
EndProject
Project("{8BC9CEB8-8B4A-11D0-8D11-00A0C91BC942}") = "tetris", "tetris\tetris.vcxproj", "{0352EEE3-D2D1-4465-8159-BAA69DFDB353}"
EndProject
Project("{8BC9CEB8-8B4A-11D0-8D11-00A0C91BC942}") = "zadatak-8", "zadatak-8\zadatak-8.vcxproj", "{9BDA2DFD-D62B-4D09-AE05-C74849A79CFD}"
EndProject
Project("{8BC9CEB8-8B4A-11D0-8D11-00A0C91BC942}") = "zadatak-9", "zadatak-9\zadatak-9.vcxproj", "{BA3C2555-B4A8-4459-BF4C-40F56C44B622}"
EndProject
Project("{8BC9CEB8-8B4A-11D0-8D11-00A0C91BC942}") = "zadatak-10", "zadatak-10\zadatak-10.vcxproj", "{5D96A582-7F8D-4795-A623-170EA756E09B}"
EndProject
Project("{8BC9CEB8-8B4A-11D0-8D11-00A0C91BC942}") = "zadatak-11", "zadatak-11\zadatak-11.vcxproj", "{59686182-8054-4AE6-BC15-C56B93D181F3}"
EndProject
Project("{8BC9CEB8-8B4A-11D0-8D11-00A0C91BC942}") = "zadatak-12", "zadatak-12\zadatak-12.vcxproj", "{C27A9EF7-1406-453A-A11D-D4BFC6439E74}"
EndProject
Project("{8BC9CEB8-8B4A-11D0-8D11-00A0C91BC942}") = "zadatak-13", "zadatak-13\zadatak-13.vcxproj", "{A9A919CC-B520-4F75-BC00-896FD37CB3A8}"
EndProject
Global
	GlobalSection(SolutionConfigurationPlatforms) = preSolution
		Debug|x64 = Debug|x64
		Debug|x86 = Debug|x86
		Release|x64 = Release|x64
		Release|x86 = Release|x86
	EndGlobalSection
	GlobalSection(ProjectConfigurationPlatforms) = postSolution
		{AF86E456-FFED-4928-9F74-FDECE100E9DD}.Debug|x64.ActiveCfg = Debug|x64
		{AF86E456-FFED-4928-9F74-FDECE100E9DD}.Debug|x64.Build.0 = Debug|x64
		{AF86E456-FFED-4928-9F74-FDECE100E9DD}.Debug|x86.ActiveCfg = Debug|Win32
		{AF86E456-FFED-4928-9F74-FDECE100E9DD}.Debug|x86.Build.0 = Debug|Win32
		{AF86E456-FFED-4928-9F74-FDECE100E9DD}.Release|x64.ActiveCfg = Release|x64
		{AF86E456-FFED-4928-9F74-FDECE100E9DD}.Release|x64.Build.0 = Release|x64
		{AF86E456-FFED-4928-9F74-FDECE100E9DD}.Release|x86.ActiveCfg = Release|Win32
		{AF86E456-FFED-4928-9F74-FDECE100E9DD}.Release|x86.Build.0 = Release|Win32
		{264AB374-40C1-436A-82C9-6FCA68D0632F}.Debug|x64.ActiveCfg = Debug|x64
		{264AB374-40C1-436A-82C9-6FCA68D0632F}.Debug|x64.Build.0 = Debug|x64
		{264AB374-40C1-436A-82C9-6FCA68D0632F}.Debug|x86.ActiveCfg = Debug|Win32
		{264AB374-40C1-436A-82C9-6FCA68D0632F}.Debug|x86.Build.0 = Debug|Win32
		{264AB374-40C1-436A-82C9-6FCA68D0632F}.Release|x64.ActiveCfg = Release|x64
		{264AB374-40C1-436A-82C9-6FCA68D0632F}.Release|x64.Build.0 = Release|x64
		{264AB374-40C1-436A-82C9-6FCA68D0632F}.Release|x86.ActiveCfg = Release|Win32
		{264AB374-40C1-436A-82C9-6FCA68D0632F}.Release|x86.Build.0 = Release|Win32
		{E2699887-0191-4219-B4DF-DE798F871C9F}.Debug|x64.ActiveCfg = Debug|x64
		{E2699887-0191-4219-B4DF-DE798F871C9F}.Debug|x64.Build.0 = Debug|x64
		{E2699887-0191-4219-B4DF-DE798F871C9F}.Debug|x86.ActiveCfg = Debug|Win32
		{E2699887-0191-4219-B4DF-DE798F871C9F}.Debug|x86.Build.0 = Debug|Win32
		{E2699887-0191-4219-B4DF-DE798F871C9F}.Release|x64.ActiveCfg = Release|x64
		{E2699887-0191-4219-B4DF-DE798F871C9F}.Release|x64.Build.0 = Release|x64
		{E2699887-0191-4219-B4DF-DE798F871C9F}.Release|x86.ActiveCfg = Release|Win32
		{E2699887-0191-4219-B4DF-DE798F871C9F}.Release|x86.Build.0 = Release|Win32
		{7EB6BE0D-E2A9-415A-96AA-11C41207D71B}.Debug|x64.ActiveCfg = Debug|x64
		{7EB6BE0D-E2A9-415A-96AA-11C41207D71B}.Debug|x64.Build.0 = Debug|x64
		{7EB6BE0D-E2A9-415A-96AA-11C41207D71B}.Debug|x86.ActiveCfg = Debug|Win32
		{7EB6BE0D-E2A9-415A-96AA-11C41207D71B}.Debug|x86.Build.0 = Debug|Win32
		{7EB6BE0D-E2A9-415A-96AA-11C41207D71B}.Release|x64.ActiveCfg = Release|x64
		{7EB6BE0D-E2A9-415A-96AA-11C41207D71B}.Release|x64.Build.0 = Release|x64
		{7EB6BE0D-E2A9-415A-96AA-11C41207D71B}.Release|x86.ActiveCfg = Release|Win32
		{7EB6BE0D-E2A9-415A-96AA-11C41207D71B}.Release|x86.Build.0 = Release|Win32
		{D54A6F24-5FB4-47FE-B602-B85D0410212F}.Debug|x64.ActiveCfg = Debug|x64
		{D54A6F24-5FB4-47FE-B602-B85D0410212F}.Debug|x64.Build.0 = Debug|x64
		{D54A6F24-5FB4-47FE-B602-B85D0410212F}.Debug|x86.ActiveCfg = Debug|Win32
		{D54A6F24-5FB4-47FE-B602-B85D0410212F}.Debug|x86.Build.0 = Debug|Win32
		{D54A6F24-5FB4-47FE-B602-B85D0410212F}.Release|x64.ActiveCfg = Release|x64
		{D54A6F24-5FB4-47FE-B602-B85D0410212F}.Release|x64.Build.0 = Release|x64
		{D54A6F24-5FB4-47FE-B602-B85D0410212F}.Release|x86.ActiveCfg = Release|Win32
		{D54A6F24-5FB4-47FE-B602-B85D0410212F}.Release|x86.Build.0 = Release|Win32
		{24A6657A-FF1F-4287-A705-053629C615DE}.Debug|x64.ActiveCfg = Debug|x64
		{24A6657A-FF1F-4287-A705-053629C615DE}.Debug|x64.Build.0 = Debug|x64
		{24A6657A-FF1F-4287-A705-053629C615DE}.Debug|x86.ActiveCfg = Debug|Win32
		{24A6657A-FF1F-4287-A705-053629C615DE}.Debug|x86.Build.0 = Debug|Win32
		{24A6657A-FF1F-4287-A705-053629C615DE}.Release|x64.ActiveCfg = Release|x64
		{24A6657A-FF1F-4287-A705-053629C615DE}.Release|x64.Build.0 = Release|x64
		{24A6657A-FF1F-4287-A705-053629C615DE}.Release|x86.ActiveCfg = Release|Win32
		{24A6657A-FF1F-4287-A705-053629C615DE}.Release|x86.Build.0 = Release|Win32
		{3AE89C49-9239-468D-8334-A1197352A1F4}.Debug|x64.ActiveCfg = Debug|x64
		{3AE89C49-9239-468D-8334-A1197352A1F4}.Debug|x64.Build.0 = Debug|x64
		{3AE89C49-9239-468D-8334-A1197352A1F4}.Debug|x86.ActiveCfg = Debug|Win32
		{3AE89C49-9239-468D-8334-A1197352A1F4}.Debug|x86.Build.0 = Debug|Win32
		{3AE89C49-9239-468D-8334-A1197352A1F4}.Release|x64.ActiveCfg = Release|x64
		{3AE89C49-9239-468D-8334-A1197352A1F4}.Release|x64.Build.0 = Release|x64
		{3AE89C49-9239-468D-8334-A1197352A1F4}.Release|x86.ActiveCfg = Release|Win32
		{3AE89C49-9239-468D-8334-A1197352A1F4}.Release|x86.Build.0 = Release|Win32
		{1CF4F11F-026D-46C7-A6EB-4B2074CA4C4A}.Debug|x64.ActiveCfg = Debug|x64
		{1CF4F11F-026D-46C7-A6EB-4B2074CA4C4A}.Debug|x64.Build.0 = Debug|x64
		{1CF4F11F-026D-46C7-A6EB-4B2074CA4C4A}.Debug|x86.ActiveCfg = Debug|Win32
		{1CF4F11F-026D-46C7-A6EB-4B2074CA4C4A}.Debug|x86.Build.0 = Debug|Win32
		{1CF4F11F-026D-46C7-A6EB-4B2074CA4C4A}.Release|x64.ActiveCfg = Release|x64
		{1CF4F11F-026D-46C7-A6EB-4B2074CA4C4A}.Release|x64.Build.0 = Release|x64
		{1CF4F11F-026D-46C7-A6EB-4B2074CA4C4A}.Release|x86.ActiveCfg = Release|Win32
		{1CF4F11F-026D-46C7-A6EB-4B2074CA4C4A}.Release|x86.Build.0 = Release|Win32
		{0352EEE3-D2D1-4465-8159-BAA69DFDB353}.Debug|x64.ActiveCfg = Debug|x64
		{0352EEE3-D2D1-4465-8159-BAA69DFDB353}.Debug|x64.Build.0 = Debug|x64
		{0352EEE3-D2D1-4465-8159-BAA69DFDB353}.Debug|x86.ActiveCfg = Debug|Win32
		{0352EEE3-D2D1-4465-8159-BAA69DFDB353}.Debug|x86.Build.0 = Debug|Win32
		{0352EEE3-D2D1-4465-8159-BAA69DFDB353}.Release|x64.ActiveCfg = Release|x64
		{0352EEE3-D2D1-4465-8159-BAA69DFDB353}.Release|x64.Build.0 = Release|x64
		{0352EEE3-D2D1-4465-8159-BAA69DFDB353}.Release|x86.ActiveCfg = Release|Win32
		{0352EEE3-D2D1-4465-8159-BAA69DFDB353}.Release|x86.Build.0 = Release|Win32
		{9BDA2DFD-D62B-4D09-AE05-C74849A79CFD}.Debug|x64.ActiveCfg = Debug|x64
		{9BDA2DFD-D62B-4D09-AE05-C74849A79CFD}.Debug|x64.Build.0 = Debug|x64
		{9BDA2DFD-D62B-4D09-AE05-C74849A79CFD}.Debug|x86.ActiveCfg = Debug|Win32
		{9BDA2DFD-D62B-4D09-AE05-C74849A79CFD}.Debug|x86.Build.0 = Debug|Win32
		{9BDA2DFD-D62B-4D09-AE05-C74849A79CFD}.Release|x64.ActiveCfg = Release|x64
		{9BDA2DFD-D62B-4D09-AE05-C74849A79CFD}.Release|x64.Build.0 = Release|x64
		{9BDA2DFD-D62B-4D09-AE05-C74849A79CFD}.Release|x86.ActiveCfg = Release|Win32
		{9BDA2DFD-D62B-4D09-AE05-C74849A79CFD}.Release|x86.Build.0 = Release|Win32
		{BA3C2555-B4A8-4459-BF4C-40F56C44B622}.Debug|x64.ActiveCfg = Debug|x64
		{BA3C2555-B4A8-4459-BF4C-40F56C44B622}.Debug|x64.Build.0 = Debug|x64
		{BA3C2555-B4A8-4459-BF4C-40F56C44B622}.Debug|x86.ActiveCfg = Debug|Win32
		{BA3C2555-B4A8-4459-BF4C-40F56C44B622}.Debug|x86.Build.0 = Debug|Win32
		{BA3C2555-B4A8-4459-BF4C-40F56C44B622}.Release|x64.ActiveCfg = Release|x64
		{BA3C2555-B4A8-4459-BF4C-40F56C44B622}.Release|x64.Build.0 = Release|x64
		{BA3C2555-B4A8-4459-BF4C-40F56C44B622}.Release|x86.ActiveCfg = Release|Win32
		{BA3C2555-B4A8-4459-BF4C-40F56C44B622}.Release|x86.Build.0 = Release|Win32
		{5D96A582-7F8D-4795-A623-170EA756E09B}.Debug|x64.ActiveCfg = Debug|x64
		{5D96A582-7F8D-4795-A623-170EA756E09B}.Debug|x64.Build.0 = Debug|x64
		{5D96A582-7F8D-4795-A623-170EA756E09B}.Debug|x86.ActiveCfg = Debug|Win32
		{5D96A582-7F8D-4795-A623-170EA756E09B}.Debug|x86.Build.0 = Debug|Win32
		{5D96A582-7F8D-4795-A623-170EA756E09B}.Release|x64.ActiveCfg = Release|x64
		{5D96A582-7F8D-4795-A623-170EA756E09B}.Release|x64.Build.0 = Release|x64
		{5D96A582-7F8D-4795-A623-170EA756E09B}.Release|x86.ActiveCfg = Release|Win32
		{5D96A582-7F8D-4795-A623-170EA756E09B}.Release|x86.Build.0 = Release|Win32
		{59686182-8054-4AE6-BC15-C56B93D181F3}.Debug|x64.ActiveCfg = Debug|x64
		{59686182-8054-4AE6-BC15-C56B93D181F3}.Debug|x64.Build.0 = Debug|x64
		{59686182-8054-4AE6-BC15-C56B93D181F3}.Debug|x86.ActiveCfg = Debug|Win32
		{59686182-8054-4AE6-BC15-C56B93D181F3}.Debug|x86.Build.0 = Debug|Win32
		{59686182-8054-4AE6-BC15-C56B93D181F3}.Release|x64.ActiveCfg = Release|x64
		{59686182-8054-4AE6-BC15-C56B93D181F3}.Release|x64.Build.0 = Release|x64
		{59686182-8054-4AE6-BC15-C56B93D181F3}.Release|x86.ActiveCfg = Release|Win32
		{59686182-8054-4AE6-BC15-C56B93D181F3}.Release|x86.Build.0 = Release|Win32
		{C27A9EF7-1406-453A-A11D-D4BFC6439E74}.Debug|x64.ActiveCfg = Debug|x64
		{C27A9EF7-1406-453A-A11D-D4BFC6439E74}.Debug|x64.Build.0 = Debug|x64
		{C27A9EF7-1406-453A-A11D-D4BFC6439E74}.Debug|x86.ActiveCfg = Debug|Win32
		{C27A9EF7-1406-453A-A11D-D4BFC6439E74}.Debug|x86.Build.0 = Debug|Win32
		{C27A9EF7-1406-453A-A11D-D4BFC6439E74}.Release|x64.ActiveCfg = Release|x64
		{C27A9EF7-1406-453A-A11D-D4BFC6439E74}.Release|x64.Build.0 = Release|x64
		{C27A9EF7-1406-453A-A11D-D4BFC6439E74}.Release|x86.ActiveCfg = Release|Win32
		{C27A9EF7-1406-453A-A11D-D4BFC6439E74}.Release|x86.Build.0 = Release|Win32
		{A9A919CC-B520-4F75-BC00-896FD37CB3A8}.Debug|x64.ActiveCfg = Debug|x64
		{A9A919CC-B520-4F75-BC00-896FD37CB3A8}.Debug|x64.Build.0 = Debug|x64
		{A9A919CC-B520-4F75-BC00-896FD37CB3A8}.Debug|x86.ActiveCfg = Debug|Win32
		{A9A919CC-B520-4F75-BC00-896FD37CB3A8}.Debug|x86.Build.0 = Debug|Win32
		{A9A919CC-B520-4F75-BC00-896FD37CB3A8}.Release|x64.ActiveCfg = Release|x64
		{A9A919CC-B520-4F75-BC00-896FD37CB3A8}.Release|x64.Build.0 = Release|x64
		{A9A919CC-B520-4F75-BC00-896FD37CB3A8}.Release|x86.ActiveCfg = Release|Win32
		{A9A919CC-B520-4F75-BC00-896FD37CB3A8}.Release|x86.Build.0 = Release|Win32
	EndGlobalSection
	GlobalSection(SolutionProperties) = preSolution
		HideSolutionNode = FALSE
	EndGlobalSection
	GlobalSection(ExtensibilityGlobals) = postSolution
		SolutionGuid = {5042E665-7268-49BF-BB3F-F5E1452FA5A2}
	EndGlobalSection
EndGlobal
